
Microsoft Visual Studio Solution File, Format Version 12.00
# Visual Studio Version 16
VisualStudioVersion = 16.0.30413.136
MinimumVisualStudioVersion = 10.0.40219.1
Project("{FAE04EC0-301F-11D3-BF4B-00C04F79EFBC}") = "NguyenVietLoc_2018600523", "demobtl\NguyenVietLoc_2018600523.csproj", "{2B85B7D4-5E50-40A1-8D29-AF8FCFED1ECB}"
EndProject
Global
	GlobalSection(SolutionConfigurationPlatforms) = preSolution
		Debug|Any CPU = Debug|Any CPU
		Release|Any CPU = Release|Any CPU
	EndGlobalSection
	GlobalSection(ProjectConfigurationPlatforms) = postSolution
		{2B85B7D4-5E50-40A1-8D29-AF8FCFED1ECB}.Debug|Any CPU.ActiveCfg = Debug|Any CPU
		{2B85B7D4-5E50-40A1-8D29-AF8FCFED1ECB}.Debug|Any CPU.Build.0 = Debug|Any CPU
		{2B85B7D4-5E50-40A1-8D29-AF8FCFED1ECB}.Release|Any CPU.ActiveCfg = Release|Any CPU
		{2B85B7D4-5E50-40A1-8D29-AF8FCFED1ECB}.Release|Any CPU.Build.0 = Release|Any CPU
	EndGlobalSection
	GlobalSection(SolutionProperties) = preSolution
		HideSolutionNode = FALSE
	EndGlobalSection
	GlobalSection(ExtensibilityGlobals) = postSolution
		SolutionGuid = {77716330-94E7-415B-AA47-AC2ADC9C5890}
	EndGlobalSection
EndGlobal
